
Microsoft Visual Studio Solution File, Format Version 12.00
# Visual Studio Version 16
VisualStudioVersion = 16.0.29911.84
MinimumVisualStudioVersion = 10.0.40219.1
Project("{FAE04EC0-301F-11D3-BF4B-00C04F79EFBC}") = "XAgConnectHttps-1.0.0.300", "XAgConnectHttps-1.0.0.300.csproj", "{E025C37F-4DFD-4DA2-97D3-C34AFF915E4B}"
EndProject
Project("{FAE04EC0-301F-11D3-BF4B-00C04F79EFBC}") = "XTasks-1.3.3.300", "..\XTasks-1.3.3.300\XTasks-1.3.3.300.csproj", "{8E67D850-14A7-4270-A0AD-34C6C391D531}"
EndProject
Global
	GlobalSection(SolutionConfigurationPlatforms) = preSolution
		Debug|Any CPU = Debug|Any CPU
		Release|Any CPU = Release|Any CPU
	EndGlobalSection
	GlobalSection(ProjectConfigurationPlatforms) = postSolution
		{E025C37F-4DFD-4DA2-97D3-C34AFF915E4B}.Debug|Any CPU.ActiveCfg = Debug|Any CPU
		{E025C37F-4DFD-4DA2-97D3-C34AFF915E4B}.Debug|Any CPU.Build.0 = Debug|Any CPU
		{E025C37F-4DFD-4DA2-97D3-C34AFF915E4B}.Release|Any CPU.ActiveCfg = Release|Any CPU
		{E025C37F-4DFD-4DA2-97D3-C34AFF915E4B}.Release|Any CPU.Build.0 = Release|Any CPU
		{8E67D850-14A7-4270-A0AD-34C6C391D531}.Debug|Any CPU.ActiveCfg = Debug|Any CPU
		{8E67D850-14A7-4270-A0AD-34C6C391D531}.Debug|Any CPU.Build.0 = Debug|Any CPU
		{8E67D850-14A7-4270-A0AD-34C6C391D531}.Release|Any CPU.ActiveCfg = Release|Any CPU
		{8E67D850-14A7-4270-A0AD-34C6C391D531}.Release|Any CPU.Build.0 = Release|Any CPU
	EndGlobalSection
	GlobalSection(SolutionProperties) = preSolution
		HideSolutionNode = FALSE
	EndGlobalSection
	GlobalSection(ExtensibilityGlobals) = postSolution
		SolutionGuid = {40FE6300-5011-4FF3-BCC4-4C6F6020C9C6}
	EndGlobalSection
EndGlobal
